# THIS IS AN AUTOGENERATED FILE. DO NOT EDIT THIS FILE DIRECTLY.
# yarn lockfile v1


"@babel/code-frame@^7.0.0":
  version "7.0.0"
  resolved "https://registry.yarnpkg.com/@babel/code-frame/-/code-frame-7.0.0.tgz#06e2ab19bdb535385559aabb5ba59729482800f8"
  dependencies:
    "@babel/highlight" "^7.0.0"

"@babel/highlight@^7.0.0":
  version "7.0.0"
  resolved "https://registry.yarnpkg.com/@babel/highlight/-/highlight-7.0.0.tgz#f710c38c8d458e6dd9a201afb637fcb781ce99e4"
  dependencies:
    chalk "^2.0.0"
    esutils "^2.0.2"
    js-tokens "^4.0.0"

"@babel/runtime@^7.0.0":
  version "7.3.1"
  resolved "https://registry.yarnpkg.com/@babel/runtime/-/runtime-7.3.1.tgz#574b03e8e8a9898eaf4a872a92ea20b7846f6f2a"
  dependencies:
    regenerator-runtime "^0.12.0"

ajv@^5.5.2:
  version "5.5.2"
  resolved "https://registry.yarnpkg.com/ajv/-/ajv-5.5.2.tgz#73b5eeca3fab653e3d3f9422b341ad42205dc965"
  dependencies:
    co "^4.6.0"
    fast-deep-equal "^1.0.0"
    fast-json-stable-stringify "^2.0.0"
    json-schema-traverse "^0.3.0"

ansi-regex@^2.0.0:
  version "2.1.1"
  resolved "https://registry.yarnpkg.com/ansi-regex/-/ansi-regex-2.1.1.tgz#c3b33ab5ee360d86e0e628f0468ae7ef27d654df"

ansi-regex@^3.0.0:
  version "3.0.0"
  resolved "https://registry.yarnpkg.com/ansi-regex/-/ansi-regex-3.0.0.tgz#ed0317c322064f79466c02966bddb605ab37d998"

ansi-styles@^2.2.1:
  version "2.2.1"
  resolved "https://registry.yarnpkg.com/ansi-styles/-/ansi-styles-2.2.1.tgz#b432dd3358b634cf75e1e4664368240533c1ddbe"

ansi-styles@^3.2.1:
  version "3.2.1"
  resolved "https://registry.yarnpkg.com/ansi-styles/-/ansi-styles-3.2.1.tgz#41fbb20243e50b12be0f04b8dedbf07520ce841d"
  dependencies:
    color-convert "^1.9.0"

argparse@^1.0.7:
  version "1.0.10"
  resolved "https://registry.yarnpkg.com/argparse/-/argparse-1.0.10.tgz#bcd6791ea5ae09725e17e5ad988134cd40b3d911"
  dependencies:
    sprintf-js "~1.0.2"

async@^2.0.1:
  version "2.6.1"
  resolved "https://registry.yarnpkg.com/async/-/async-2.6.1.tgz#b245a23ca71930044ec53fa46aa00a3e87c6a610"
  dependencies:
    lodash "^4.17.10"

balanced-match@^1.0.0:
  version "1.0.0"
  resolved "https://registry.yarnpkg.com/balanced-match/-/balanced-match-1.0.0.tgz#89b4d199ab2bee49de164ea02b89ce462d71b767"

better-ajv-errors@^0.5.2:
  version "0.5.7"
  resolved "https://registry.yarnpkg.com/better-ajv-errors/-/better-ajv-errors-0.5.7.tgz#246123954161cc0ef124761c55a121c96b0cdce0"
  dependencies:
    "@babel/code-frame" "^7.0.0"
    "@babel/runtime" "^7.0.0"
    chalk "^2.4.1"
    core-js "^2.5.7"
    json-to-ast "^2.0.3"
    jsonpointer "^4.0.1"
    leven "^2.1.0"

brace-expansion@^1.1.7:
  version "1.1.11"
  resolved "https://registry.yarnpkg.com/brace-expansion/-/brace-expansion-1.1.11.tgz#3c7fcbf529d87226f3d2f52b966ff5271eb441dd"
  dependencies:
    balanced-match "^1.0.0"
    concat-map "0.0.1"

browser-stdout@1.3.1:
  version "1.3.1"
  resolved "https://registry.yarnpkg.com/browser-stdout/-/browser-stdout-1.3.1.tgz#baa559ee14ced73452229bad7326467c61fabd60"

call-me-maybe@^1.0.1:
  version "1.0.1"
  resolved "https://registry.yarnpkg.com/call-me-maybe/-/call-me-maybe-1.0.1.tgz#26d208ea89e37b5cbde60250a15f031c16a4d66b"

camelcase@^5.0.0:
  version "5.0.0"
  resolved "https://registry.yarnpkg.com/camelcase/-/camelcase-5.0.0.tgz#03295527d58bd3cd4aa75363f35b2e8d97be2f42"

chalk@^1.1.1, chalk@^1.1.3:
  version "1.1.3"
  resolved "https://registry.yarnpkg.com/chalk/-/chalk-1.1.3.tgz#a8115c55e4a702fe4d150abd3872822a7e09fc98"
  dependencies:
    ansi-styles "^2.2.1"
    escape-string-regexp "^1.0.2"
    has-ansi "^2.0.0"
    strip-ansi "^3.0.0"
    supports-color "^2.0.0"

chalk@^2.0.0, chalk@^2.4.1:
  version "2.4.2"
  resolved "https://registry.yarnpkg.com/chalk/-/chalk-2.4.2.tgz#cd42541677a54333cf541a49108c1432b44c9424"
  dependencies:
    ansi-styles "^3.2.1"
    escape-string-regexp "^1.0.5"
    supports-color "^5.3.0"

cliui@^4.0.0:
  version "4.1.0"
  resolved "https://registry.yarnpkg.com/cliui/-/cliui-4.1.0.tgz#348422dbe82d800b3022eef4f6ac10bf2e4d1b49"
  dependencies:
    string-width "^2.1.1"
    strip-ansi "^4.0.0"
    wrap-ansi "^2.0.0"

co@^4.6.0:
  version "4.6.0"
  resolved "https://registry.yarnpkg.com/co/-/co-4.6.0.tgz#6ea6bdf3d853ae54ccb8e47bfa0bf3f9031fb184"

code-error-fragment@0.0.230:
  version "0.0.230"
  resolved "https://registry.yarnpkg.com/code-error-fragment/-/code-error-fragment-0.0.230.tgz#d736d75c832445342eca1d1fedbf17d9618b14d7"

code-point-at@^1.0.0:
  version "1.1.0"
  resolved "https://registry.yarnpkg.com/code-point-at/-/code-point-at-1.1.0.tgz#0d070b4d043a5bea33a2f1a40e2edb3d9a4ccf77"

color-convert@^1.9.0:
  version "1.9.3"
  resolved "https://registry.yarnpkg.com/color-convert/-/color-convert-1.9.3.tgz#bb71850690e1f136567de629d2d5471deda4c1e8"
  dependencies:
    color-name "1.1.3"

color-name@1.1.3:
  version "1.1.3"
  resolved "https://registry.yarnpkg.com/color-name/-/color-name-1.1.3.tgz#a7d0558bd89c42f795dd42328f740831ca53bc25"

combined-stream@^1.0.5:
  version "1.0.7"
  resolved "https://registry.yarnpkg.com/combined-stream/-/combined-stream-1.0.7.tgz#2d1d24317afb8abe95d6d2c0b07b57813539d828"
  dependencies:
    delayed-stream "~1.0.0"

commander@2.15.1:
  version "2.15.1"
  resolved "https://registry.yarnpkg.com/commander/-/commander-2.15.1.tgz#df46e867d0fc2aec66a34662b406a9ccafff5b0f"

commander@^2.9.0:
  version "2.19.0"
  resolved "https://registry.yarnpkg.com/commander/-/commander-2.19.0.tgz#f6198aa84e5b83c46054b94ddedbfed5ee9ff12a"

concat-map@0.0.1:
  version "0.0.1"
  resolved "https://registry.yarnpkg.com/concat-map/-/concat-map-0.0.1.tgz#d8a96bd77fd68df7793a73036a3ba0d5405d477b"

core-js@^2.5.7:
  version "2.6.3"
  resolved "https://registry.yarnpkg.com/core-js/-/core-js-2.6.3.tgz#4b70938bdffdaf64931e66e2db158f0892289c49"

cross-spawn@^6.0.0:
  version "6.0.5"
  resolved "https://registry.yarnpkg.com/cross-spawn/-/cross-spawn-6.0.5.tgz#4a5ec7c64dfae22c3a14124dbacdee846d80cbc4"
  dependencies:
    nice-try "^1.0.4"
    path-key "^2.0.1"
    semver "^5.5.0"
    shebang-command "^1.2.0"
    which "^1.2.9"

debug@3.1.0:
  version "3.1.0"
  resolved "https://registry.yarnpkg.com/debug/-/debug-3.1.0.tgz#5bb5a0672628b64149566ba16819e61518c67261"
  dependencies:
    ms "2.0.0"

debug@^2.2.0:
  version "2.6.9"
  resolved "https://registry.yarnpkg.com/debug/-/debug-2.6.9.tgz#5d128515df134ff327e90a4c93f4e077a536341f"
  dependencies:
    ms "2.0.0"

decamelize@^1.2.0:
  version "1.2.0"
  resolved "https://registry.yarnpkg.com/decamelize/-/decamelize-1.2.0.tgz#f6534d15148269b20352e7bee26f501f9a191290"

delayed-stream@~1.0.0:
  version "1.0.0"
  resolved "https://registry.yarnpkg.com/delayed-stream/-/delayed-stream-1.0.0.tgz#df3ae199acadfb7d440aaae0b29e2272b24ec619"

diff@3.5.0:
  version "3.5.0"
  resolved "https://registry.yarnpkg.com/diff/-/diff-3.5.0.tgz#800c0dd1e0a8bfbc95835c202ad220fe317e5a12"

dot@^1.0.3:
  version "1.1.2"
  resolved "https://registry.yarnpkg.com/dot/-/dot-1.1.2.tgz#c7377019fc4e550798928b2b9afeb66abfa1f2f9"

duplexer@^0.1.1, duplexer@~0.1.1:
  version "0.1.1"
  resolved "https://registry.yarnpkg.com/duplexer/-/duplexer-0.1.1.tgz#ace6ff808c1ce66b57d1ebf97977acb02334cfc1"

end-of-stream@^1.1.0:
  version "1.4.1"
  resolved "https://registry.yarnpkg.com/end-of-stream/-/end-of-stream-1.4.1.tgz#ed29634d19baba463b6ce6b80a37213eab71ec43"
  dependencies:
    once "^1.4.0"

es6-promise@^3.2.1:
  version "3.3.1"
  resolved "https://registry.yarnpkg.com/es6-promise/-/es6-promise-3.3.1.tgz#a08cdde84ccdbf34d027a1451bc91d4bcd28a613"

escape-string-regexp@1.0.5, escape-string-regexp@^1.0.2, escape-string-regexp@^1.0.5:
  version "1.0.5"
  resolved "https://registry.yarnpkg.com/escape-string-regexp/-/escape-string-regexp-1.0.5.tgz#1b61c0562190a8dff6ae3bb2cf0200ca130b86d4"

esprima@^4.0.0:
  version "4.0.1"
  resolved "https://registry.yarnpkg.com/esprima/-/esprima-4.0.1.tgz#13b04cdb3e6c5d19df91ab6987a8695619b0aa71"

esutils@^2.0.2:
  version "2.0.2"
  resolved "https://registry.yarnpkg.com/esutils/-/esutils-2.0.2.tgz#0abf4f1caa5bcb1f7a9d8acc6dea4faaa04bac9b"

event-stream@^3.3.2:
  version "3.3.5"
  resolved "https://registry.yarnpkg.com/event-stream/-/event-stream-3.3.5.tgz#e5dd8989543630d94c6cf4d657120341fa31636b"
  dependencies:
    duplexer "^0.1.1"
    from "^0.1.7"
    map-stream "0.0.7"
    pause-stream "^0.0.11"
    split "^1.0.1"
    stream-combiner "^0.2.2"
    through "^2.3.8"

execa@^1.0.0:
  version "1.0.0"
  resolved "https://registry.yarnpkg.com/execa/-/execa-1.0.0.tgz#c6236a5bb4df6d6f15e88e7f017798216749ddd8"
  dependencies:
    cross-spawn "^6.0.0"
    get-stream "^4.0.0"
    is-stream "^1.1.0"
    npm-run-path "^2.0.0"
    p-finally "^1.0.0"
    signal-exit "^3.0.0"
    strip-eof "^1.0.0"

fast-deep-equal@^1.0.0:
  version "1.1.0"
  resolved "https://registry.yarnpkg.com/fast-deep-equal/-/fast-deep-equal-1.1.0.tgz#c053477817c86b51daa853c81e059b733d023614"

fast-json-stable-stringify@^2.0.0:
  version "2.0.0"
  resolved "https://registry.yarnpkg.com/fast-json-stable-stringify/-/fast-json-stable-stringify-2.0.0.tgz#d5142c0caee6b1189f87d3a76111064f86c8bbf2"

find-up@^3.0.0:
  version "3.0.0"
  resolved "https://registry.yarnpkg.com/find-up/-/find-up-3.0.0.tgz#49169f1d7993430646da61ecc5ae355c21c97b73"
  dependencies:
    locate-path "^3.0.0"

foreach@^2.0.4:
  version "2.0.5"
  resolved "https://registry.yarnpkg.com/foreach/-/foreach-2.0.5.tgz#0bee005018aeb260d0a3af3ae658dd0136ec1b99"

form-data@^1.0.0-rc3:
  version "1.0.1"
  resolved "https://registry.yarnpkg.com/form-data/-/form-data-1.0.1.tgz#ae315db9a4907fa065502304a66d7733475ee37c"
  dependencies:
    async "^2.0.1"
    combined-stream "^1.0.5"
    mime-types "^2.1.11"

from@^0.1.7:
  version "0.1.7"
  resolved "https://registry.yarnpkg.com/from/-/from-0.1.7.tgz#83c60afc58b9c56997007ed1a768b3ab303a44fe"

fs-readfile-promise@^2.0.1:
  version "2.0.1"
  resolved "https://registry.yarnpkg.com/fs-readfile-promise/-/fs-readfile-promise-2.0.1.tgz#80023823981f9ffffe01609e8be668f69ae49e70"
  dependencies:
    graceful-fs "^4.1.2"

fs-writefile-promise@^1.0.3:
  version "1.0.3"
  resolved "https://registry.yarnpkg.com/fs-writefile-promise/-/fs-writefile-promise-1.0.3.tgz#e02f9b58ffc255ed822adc7a01114f445d48d063"
  dependencies:
    mkdirp-promise "^1.0.0"
    pinkie-promise "^1.0.0"

fs.realpath@^1.0.0:
  version "1.0.0"
  resolved "https://registry.yarnpkg.com/fs.realpath/-/fs.realpath-1.0.0.tgz#1504ad2523158caa40db4a2787cb01411994ea4f"

generate-function@^2.0.0:
  version "2.3.1"
  resolved "https://registry.yarnpkg.com/generate-function/-/generate-function-2.3.1.tgz#f069617690c10c868e73b8465746764f97c3479f"
  dependencies:
    is-property "^1.0.2"

generate-object-property@^1.1.0:
  version "1.2.0"
  resolved "https://registry.yarnpkg.com/generate-object-property/-/generate-object-property-1.2.0.tgz#9c0e1c40308ce804f4783618b937fa88f99d50d0"
  dependencies:
    is-property "^1.0.0"

get-caller-file@^1.0.1:
  version "1.0.3"
  resolved "https://registry.yarnpkg.com/get-caller-file/-/get-caller-file-1.0.3.tgz#f978fa4c90d1dfe7ff2d6beda2a515e713bdcf4a"

get-stream@^4.0.0:
  version "4.1.0"
  resolved "https://registry.yarnpkg.com/get-stream/-/get-stream-4.1.0.tgz#c1b255575f3dc21d59bfc79cd3d2b46b1c3a54b5"
  dependencies:
    pump "^3.0.0"

glob@7.1.2:
  version "7.1.2"
  resolved "https://registry.yarnpkg.com/glob/-/glob-7.1.2.tgz#c19c9df9a028702d678612384a6552404c636d15"
  dependencies:
    fs.realpath "^1.0.0"
    inflight "^1.0.4"
    inherits "2"
    minimatch "^3.0.4"
    once "^1.3.0"
    path-is-absolute "^1.0.0"

graceful-fs@^4.1.2:
  version "4.1.15"
  resolved "https://registry.yarnpkg.com/graceful-fs/-/graceful-fs-4.1.15.tgz#ffb703e1066e8a0eeaa4c8b80ba9253eeefbfb00"

grapheme-splitter@^1.0.4:
  version "1.0.4"
  resolved "https://registry.yarnpkg.com/grapheme-splitter/-/grapheme-splitter-1.0.4.tgz#9cf3a665c6247479896834af35cf1dbb4400767e"

growl@1.10.5:
  version "1.10.5"
  resolved "https://registry.yarnpkg.com/growl/-/growl-1.10.5.tgz#f2735dc2283674fa67478b10181059355c369e5e"

har-validator@^2.0.2:
  version "2.1.3"
  resolved "https://registry.yarnpkg.com/har-validator/-/har-validator-2.1.3.tgz#68ff49c85cfbc2b34fb42f6480a9796b6441dcf3"
  dependencies:
    chalk "^1.1.3"
    commander "^2.9.0"
    is-my-json-valid "^2.13.1"

has-ansi@^2.0.0:
  version "2.0.0"
  resolved "https://registry.yarnpkg.com/has-ansi/-/has-ansi-2.0.0.tgz#34f5049ce1ecdf2b0649af3ef24e45ed35416d91"
  dependencies:
    ansi-regex "^2.0.0"

has-flag@^3.0.0:
  version "3.0.0"
  resolved "https://registry.yarnpkg.com/has-flag/-/has-flag-3.0.0.tgz#b5d454dc2199ae225699f3467e5a07f3b955bafd"

he@1.1.1:
  version "1.1.1"
  resolved "https://registry.yarnpkg.com/he/-/he-1.1.1.tgz#93410fd21b009735151f8868c2f271f3427e23fd"

http2-client@^1.2.5:
  version "1.3.1"
  resolved "https://registry.yarnpkg.com/http2-client/-/http2-client-1.3.1.tgz#a215f9f67c391918b62f2294b3978116819b0e83"

httpsnippet@1.16.5:
  version "1.16.5"
  resolved "https://registry.yarnpkg.com/httpsnippet/-/httpsnippet-1.16.5.tgz#b192c4aa06888b55f8a839c3ca49d5749db90c35"
  dependencies:
    chalk "^1.1.1"
    commander "^2.9.0"
    debug "^2.2.0"
    event-stream "^3.3.2"
    form-data "^1.0.0-rc3"
    fs-readfile-promise "^2.0.1"
    fs-writefile-promise "^1.0.3"
    har-validator "^2.0.2"
    pinkie-promise "^2.0.0"

inflight@^1.0.4:
  version "1.0.6"
  resolved "https://registry.yarnpkg.com/inflight/-/inflight-1.0.6.tgz#49bd6331d7d02d0c09bc910a1075ba8165b56df9"
  dependencies:
    once "^1.3.0"
    wrappy "1"

inherits@2:
  version "2.0.3"
  resolved "https://registry.yarnpkg.com/inherits/-/inherits-2.0.3.tgz#633c2c83e3da42a502f52466022480f4208261de"

invert-kv@^2.0.0:
  version "2.0.0"
  resolved "https://registry.yarnpkg.com/invert-kv/-/invert-kv-2.0.0.tgz#7393f5afa59ec9ff5f67a27620d11c226e3eec02"

is-fullwidth-code-point@^1.0.0:
  version "1.0.0"
  resolved "https://registry.yarnpkg.com/is-fullwidth-code-point/-/is-fullwidth-code-point-1.0.0.tgz#ef9e31386f031a7f0d643af82fde50c457ef00cb"
  dependencies:
    number-is-nan "^1.0.0"

is-fullwidth-code-point@^2.0.0:
  version "2.0.0"
  resolved "https://registry.yarnpkg.com/is-fullwidth-code-point/-/is-fullwidth-code-point-2.0.0.tgz#a3b30a5c4f199183167aaab93beefae3ddfb654f"

is-my-ip-valid@^1.0.0:
  version "1.0.0"
  resolved "https://registry.yarnpkg.com/is-my-ip-valid/-/is-my-ip-valid-1.0.0.tgz#7b351b8e8edd4d3995d4d066680e664d94696824"

is-my-json-valid@^2.13.1:
  version "2.19.0"
  resolved "https://registry.yarnpkg.com/is-my-json-valid/-/is-my-json-valid-2.19.0.tgz#8fd6e40363cd06b963fa877d444bfb5eddc62175"
  dependencies:
    generate-function "^2.0.0"
    generate-object-property "^1.1.0"
    is-my-ip-valid "^1.0.0"
    jsonpointer "^4.0.0"
    xtend "^4.0.0"

is-property@^1.0.0, is-property@^1.0.2:
  version "1.0.2"
  resolved "https://registry.yarnpkg.com/is-property/-/is-property-1.0.2.tgz#57fe1c4e48474edd65b09911f26b1cd4095dda84"

is-stream@^1.1.0:
  version "1.1.0"
  resolved "https://registry.yarnpkg.com/is-stream/-/is-stream-1.1.0.tgz#12d4a3dd4e68e0b79ceb8dbc84173ae80d91ca44"

isexe@^2.0.0:
  version "2.0.0"
  resolved "https://registry.yarnpkg.com/isexe/-/isexe-2.0.0.tgz#e8fbf374dc556ff8947a10dcb0572d633f2cfa10"

jgexml@latest:
  version "0.3.9"
  resolved "https://registry.yarnpkg.com/jgexml/-/jgexml-0.3.9.tgz#8bd71d0e1441933dc812b3fac476453afa08c996"

js-tokens@^4.0.0:
  version "4.0.0"
  resolved "https://registry.yarnpkg.com/js-tokens/-/js-tokens-4.0.0.tgz#19203fb59991df98e3a287050d4647cdeaf32499"

js-yaml@^3.12.0, js-yaml@^3.6.1:
  version "3.12.1"
  resolved "https://registry.yarnpkg.com/js-yaml/-/js-yaml-3.12.1.tgz#295c8632a18a23e054cf5c9d3cecafe678167600"
  dependencies:
    argparse "^1.0.7"
    esprima "^4.0.0"

json-pointer@^0.6.0:
  version "0.6.0"
  resolved "https://registry.yarnpkg.com/json-pointer/-/json-pointer-0.6.0.tgz#8e500550a6aac5464a473377da57aa6cc22828d7"
  dependencies:
    foreach "^2.0.4"

json-schema-traverse@^0.3.0:
  version "0.3.1"
  resolved "https://registry.yarnpkg.com/json-schema-traverse/-/json-schema-traverse-0.3.1.tgz#349a6d44c53a51de89b40805c5d5e59b417d3340"

json-to-ast@^2.0.3:
  version "2.1.0"
  resolved "https://registry.yarnpkg.com/json-to-ast/-/json-to-ast-2.1.0.tgz#041a9fcd03c0845036acb670d29f425cea4faaf9"
  dependencies:
    code-error-fragment "0.0.230"
    grapheme-splitter "^1.0.4"

jsonpointer@^4.0.0, jsonpointer@^4.0.1:
  version "4.0.1"
  resolved "https://registry.yarnpkg.com/jsonpointer/-/jsonpointer-4.0.1.tgz#4fd92cb34e0e9db3c89c8622ecf51f9b978c6cb9"

lcid@^2.0.0:
  version "2.0.0"
  resolved "https://registry.yarnpkg.com/lcid/-/lcid-2.0.0.tgz#6ef5d2df60e52f82eb228a4c373e8d1f397253cf"
  dependencies:
    invert-kv "^2.0.0"

leven@^2.1.0:
  version "2.1.0"
  resolved "https://registry.yarnpkg.com/leven/-/leven-2.1.0.tgz#c2e7a9f772094dee9d34202ae8acce4687875580"

locate-path@^3.0.0:
  version "3.0.0"
  resolved "https://registry.yarnpkg.com/locate-path/-/locate-path-3.0.0.tgz#dbec3b3ab759758071b58fe59fc41871af21400e"
  dependencies:
    p-locate "^3.0.0"
    path-exists "^3.0.0"

lodash@^4.17.10:
  version "4.17.11"
  resolved "https://registry.yarnpkg.com/lodash/-/lodash-4.17.11.tgz#b39ea6229ef607ecd89e2c8df12536891cac9b8d"

map-age-cleaner@^0.1.1:
  version "0.1.3"
  resolved "https://registry.yarnpkg.com/map-age-cleaner/-/map-age-cleaner-0.1.3.tgz#7d583a7306434c055fe474b0f45078e6e1b4b92a"
  dependencies:
    p-defer "^1.0.0"

map-stream@0.0.7:
  version "0.0.7"
  resolved "https://registry.yarnpkg.com/map-stream/-/map-stream-0.0.7.tgz#8a1f07896d82b10926bd3744a2420009f88974a8"

mem@^4.0.0:
  version "4.1.0"
  resolved "https://registry.yarnpkg.com/mem/-/mem-4.1.0.tgz#aeb9be2d21f47e78af29e4ac5978e8afa2ca5b8a"
  dependencies:
    map-age-cleaner "^0.1.1"
    mimic-fn "^1.0.0"
    p-is-promise "^2.0.0"

mime-db@~1.37.0:
  version "1.37.0"
  resolved "https://registry.yarnpkg.com/mime-db/-/mime-db-1.37.0.tgz#0b6a0ce6fdbe9576e25f1f2d2fde8830dc0ad0d8"

mime-types@^2.1.11:
  version "2.1.21"
  resolved "https://registry.yarnpkg.com/mime-types/-/mime-types-2.1.21.tgz#28995aa1ecb770742fe6ae7e58f9181c744b3f96"
  dependencies:
    mime-db "~1.37.0"

mimic-fn@^1.0.0:
  version "1.2.0"
  resolved "https://registry.yarnpkg.com/mimic-fn/-/mimic-fn-1.2.0.tgz#820c86a39334640e99516928bd03fca88057d022"

minimatch@3.0.4, minimatch@^3.0.4:
  version "3.0.4"
  resolved "https://registry.yarnpkg.com/minimatch/-/minimatch-3.0.4.tgz#5166e286457f03306064be5497e8dbb0c3d32083"
  dependencies:
    brace-expansion "^1.1.7"

minimist@0.0.8:
  version "0.0.8"
  resolved "https://registry.yarnpkg.com/minimist/-/minimist-0.0.8.tgz#857fcabfc3397d2625b8228262e86aa7a011b05d"

mkdirp-promise@^1.0.0:
  version "1.1.0"
  resolved "https://registry.yarnpkg.com/mkdirp-promise/-/mkdirp-promise-1.1.0.tgz#2c84893ed676e0d98fb18fb9a6212fd1b2b9a819"

mkdirp@0.5.1:
  version "0.5.1"
  resolved "https://registry.yarnpkg.com/mkdirp/-/mkdirp-0.5.1.tgz#30057438eac6cf7f8c4767f38648d6697d75c903"
  dependencies:
    minimist "0.0.8"

mocha@^5.0.5:
  version "5.2.0"
  resolved "https://registry.yarnpkg.com/mocha/-/mocha-5.2.0.tgz#6d8ae508f59167f940f2b5b3c4a612ae50c90ae6"
  dependencies:
    browser-stdout "1.3.1"
    commander "2.15.1"
    debug "3.1.0"
    diff "3.5.0"
    escape-string-regexp "1.0.5"
    glob "7.1.2"
    growl "1.10.5"
    he "1.1.1"
    minimatch "3.0.4"
    mkdirp "0.5.1"
    supports-color "5.4.0"

ms@2.0.0:
  version "2.0.0"
  resolved "https://registry.yarnpkg.com/ms/-/ms-2.0.0.tgz#5608aeadfc00be6c2901df5f9861788de0d597c8"

nice-try@^1.0.4:
  version "1.0.5"
  resolved "https://registry.yarnpkg.com/nice-try/-/nice-try-1.0.5.tgz#a3378a7696ce7d223e88fc9b764bd7ef1089e366"

node-fetch-h2@^2.3.0:
  version "2.3.0"
  resolved "https://registry.yarnpkg.com/node-fetch-h2/-/node-fetch-h2-2.3.0.tgz#c6188325f9bd3d834020bf0f2d6dc17ced2241ac"
  dependencies:
    http2-client "^1.2.5"

node-fetch@^2.0.0, node-fetch@^2.3.0:
  version "2.3.0"
  resolved "https://registry.yarnpkg.com/node-fetch/-/node-fetch-2.3.0.tgz#1a1d940bbfb916a1d3e0219f037e89e71f8c5fa5"

node-readfiles@^0.2.0:
  version "0.2.0"
  resolved "https://registry.yarnpkg.com/node-readfiles/-/node-readfiles-0.2.0.tgz#dbbd4af12134e2e635c245ef93ffcf6f60673a5d"
  dependencies:
    es6-promise "^3.2.1"

npm-run-path@^2.0.0:
  version "2.0.2"
  resolved "https://registry.yarnpkg.com/npm-run-path/-/npm-run-path-2.0.2.tgz#35a9232dfa35d7067b4cb2ddf2357b1871536c5f"
  dependencies:
    path-key "^2.0.0"

number-is-nan@^1.0.0:
  version "1.0.1"
  resolved "https://registry.yarnpkg.com/number-is-nan/-/number-is-nan-1.0.1.tgz#097b602b53422a522c1afb8790318336941a011d"

oas-kit-common@^1.0.4, oas-kit-common@^1.0.6:
  version "1.0.7"
  resolved "https://registry.yarnpkg.com/oas-kit-common/-/oas-kit-common-1.0.7.tgz#de67dc19a572d82bd5f9ba2e1f606ad02d1fb30e"
  dependencies:
    safe-json-stringify "^1.2.0"

oas-linter@^1.0.8:
  version "1.0.8"
  resolved "https://registry.yarnpkg.com/oas-linter/-/oas-linter-1.0.8.tgz#9ebc6bcc704f77e45b62f73ce2bb39fec6395dbd"
  dependencies:
    js-yaml "^3.12.0"
    should "^13.2.1"

oas-resolver@^1.0.1, oas-resolver@^1.0.12:
  version "1.1.1"
  resolved "https://registry.yarnpkg.com/oas-resolver/-/oas-resolver-1.1.1.tgz#6613f6f6a27015fe52a9abe8732877fa3d172b45"
  dependencies:
    js-yaml "^3.12.0"
    node-fetch-h2 "^2.3.0"
    oas-kit-common "^1.0.6"
    reftools "^1.0.4"
    yargs "^12.0.2"

oas-schema-walker@^1.1.0:
  version "1.1.2"
  resolved "https://registry.yarnpkg.com/oas-schema-walker/-/oas-schema-walker-1.1.2.tgz#0ad6b78a01421cb9fda9dd820f23f5db51d51b86"

oas-validator@^1.1.13:
  version "1.1.13"
  resolved "https://registry.yarnpkg.com/oas-validator/-/oas-validator-1.1.13.tgz#a62ec5d097475b1cf514cdd51f3c46c121ab60ce"
  dependencies:
    ajv "^5.5.2"
    better-ajv-errors "^0.5.2"
    js-yaml "^3.12.0"
    oas-kit-common "^1.0.4"
    oas-linter "^1.0.8"
    oas-resolver "^1.0.12"
    oas-schema-walker "^1.1.0"
    reftools "^1.0.3"
    should "^13.2.1"

once@^1.3.0, once@^1.3.1, once@^1.4.0:
  version "1.4.0"
  resolved "https://registry.yarnpkg.com/once/-/once-1.4.0.tgz#583b1aa775961d4b113ac17d9c50baef9dd76bd1"
  dependencies:
    wrappy "1"

openapi-sampler@^1.0.0-beta.9:
  version "1.0.0-beta.14"
  resolved "https://registry.yarnpkg.com/openapi-sampler/-/openapi-sampler-1.0.0-beta.14.tgz#e06807f33a9c0fab841e212f5fb90e7af4acf30c"
  dependencies:
    json-pointer "^0.6.0"

os-locale@^3.0.0:
  version "3.1.0"
  resolved "https://registry.yarnpkg.com/os-locale/-/os-locale-3.1.0.tgz#a802a6ee17f24c10483ab9935719cef4ed16bf1a"
  dependencies:
    execa "^1.0.0"
    lcid "^2.0.0"
    mem "^4.0.0"

p-defer@^1.0.0:
  version "1.0.0"
  resolved "https://registry.yarnpkg.com/p-defer/-/p-defer-1.0.0.tgz#9f6eb182f6c9aa8cd743004a7d4f96b196b0fb0c"

p-finally@^1.0.0:
  version "1.0.0"
  resolved "https://registry.yarnpkg.com/p-finally/-/p-finally-1.0.0.tgz#3fbcfb15b899a44123b34b6dcc18b724336a2cae"

p-is-promise@^2.0.0:
  version "2.0.0"
  resolved "https://registry.yarnpkg.com/p-is-promise/-/p-is-promise-2.0.0.tgz#7554e3d572109a87e1f3f53f6a7d85d1b194f4c5"

p-limit@^2.0.0:
  version "2.1.0"
  resolved "https://registry.yarnpkg.com/p-limit/-/p-limit-2.1.0.tgz#1d5a0d20fb12707c758a655f6bbc4386b5930d68"
  dependencies:
    p-try "^2.0.0"

p-locate@^3.0.0:
  version "3.0.0"
  resolved "https://registry.yarnpkg.com/p-locate/-/p-locate-3.0.0.tgz#322d69a05c0264b25997d9f40cd8a891ab0064a4"
  dependencies:
    p-limit "^2.0.0"

p-try@^2.0.0:
  version "2.0.0"
  resolved "https://registry.yarnpkg.com/p-try/-/p-try-2.0.0.tgz#85080bb87c64688fa47996fe8f7dfbe8211760b1"

path-exists@^3.0.0:
  version "3.0.0"
  resolved "https://registry.yarnpkg.com/path-exists/-/path-exists-3.0.0.tgz#ce0ebeaa5f78cb18925ea7d810d7b59b010fd515"

path-is-absolute@^1.0.0:
  version "1.0.1"
  resolved "https://registry.yarnpkg.com/path-is-absolute/-/path-is-absolute-1.0.1.tgz#174b9268735534ffbc7ace6bf53a5a9e1b5c5f5f"

path-key@^2.0.0, path-key@^2.0.1:
  version "2.0.1"
  resolved "https://registry.yarnpkg.com/path-key/-/path-key-2.0.1.tgz#411cadb574c5a140d3a4b1910d40d80cc9f40b40"

pause-stream@^0.0.11:
  version "0.0.11"
  resolved "https://registry.yarnpkg.com/pause-stream/-/pause-stream-0.0.11.tgz#fe5a34b0cbce12b5aa6a2b403ee2e73b602f1445"
  dependencies:
    through "~2.3"

pinkie-promise@^1.0.0:
  version "1.0.0"
  resolved "https://registry.yarnpkg.com/pinkie-promise/-/pinkie-promise-1.0.0.tgz#d1da67f5482563bb7cf57f286ae2822ecfbf3670"
  dependencies:
    pinkie "^1.0.0"

pinkie-promise@^2.0.0:
  version "2.0.1"
  resolved "https://registry.yarnpkg.com/pinkie-promise/-/pinkie-promise-2.0.1.tgz#2135d6dfa7a358c069ac9b178776288228450ffa"
  dependencies:
    pinkie "^2.0.0"

pinkie@^1.0.0:
  version "1.0.0"
  resolved "https://registry.yarnpkg.com/pinkie/-/pinkie-1.0.0.tgz#5a47f28ba1015d0201bda7bf0f358e47bec8c7e4"

pinkie@^2.0.0:
  version "2.0.4"
  resolved "https://registry.yarnpkg.com/pinkie/-/pinkie-2.0.4.tgz#72556b80cfa0d48a974e80e77248e80ed4f7f870"

pump@^3.0.0:
  version "3.0.0"
  resolved "https://registry.yarnpkg.com/pump/-/pump-3.0.0.tgz#b4a2116815bde2f4e1ea602354e8c75565107a64"
  dependencies:
    end-of-stream "^1.1.0"
    once "^1.3.1"

reftools@^1.0.0, reftools@^1.0.3, reftools@^1.0.4:
  version "1.0.6"
  resolved "https://registry.yarnpkg.com/reftools/-/reftools-1.0.6.tgz#e65c01a7a16d097610746a2dac309e43c81c73f4"

regenerator-runtime@^0.12.0:
  version "0.12.1"
  resolved "https://registry.yarnpkg.com/regenerator-runtime/-/regenerator-runtime-0.12.1.tgz#fa1a71544764c036f8c49b13a08b2594c9f8a0de"

require-directory@^2.1.1:
  version "2.1.1"
  resolved "https://registry.yarnpkg.com/require-directory/-/require-directory-2.1.1.tgz#8c64ad5fd30dab1c976e2344ffe7f792a6a6df42"

require-main-filename@^1.0.1:
  version "1.0.1"
  resolved "https://registry.yarnpkg.com/require-main-filename/-/require-main-filename-1.0.1.tgz#97f717b69d48784f5f526a6c5aa8ffdda055a4d1"

safe-json-stringify@^1.2.0:
  version "1.2.0"
  resolved "https://registry.yarnpkg.com/safe-json-stringify/-/safe-json-stringify-1.2.0.tgz#356e44bc98f1f93ce45df14bcd7c01cda86e0afd"

semver@^5.5.0:
  version "5.6.0"
  resolved "https://registry.yarnpkg.com/semver/-/semver-5.6.0.tgz#7e74256fbaa49c75aa7c7a205cc22799cac80004"

set-blocking@^2.0.0:
  version "2.0.0"
  resolved "https://registry.yarnpkg.com/set-blocking/-/set-blocking-2.0.0.tgz#045f9782d011ae9a6803ddd382b24392b3d890f7"

shebang-command@^1.2.0:
  version "1.2.0"
  resolved "https://registry.yarnpkg.com/shebang-command/-/shebang-command-1.2.0.tgz#44aac65b695b03398968c39f363fee5deafdf1ea"
  dependencies:
    shebang-regex "^1.0.0"

shebang-regex@^1.0.0:
  version "1.0.0"
  resolved "https://registry.yarnpkg.com/shebang-regex/-/shebang-regex-1.0.0.tgz#da42f49740c0b42db2ca9728571cb190c98efea3"

should-equal@^2.0.0:
  version "2.0.0"
  resolved "https://registry.yarnpkg.com/should-equal/-/should-equal-2.0.0.tgz#6072cf83047360867e68e98b09d71143d04ee0c3"
  dependencies:
    should-type "^1.4.0"

should-format@^3.0.3:
  version "3.0.3"
  resolved "https://registry.yarnpkg.com/should-format/-/should-format-3.0.3.tgz#9bfc8f74fa39205c53d38c34d717303e277124f1"
  dependencies:
    should-type "^1.3.0"
    should-type-adaptors "^1.0.1"

should-type-adaptors@^1.0.1:
  version "1.1.0"
  resolved "https://registry.yarnpkg.com/should-type-adaptors/-/should-type-adaptors-1.1.0.tgz#401e7f33b5533033944d5cd8bf2b65027792e27a"
  dependencies:
    should-type "^1.3.0"
    should-util "^1.0.0"

should-type@^1.3.0, should-type@^1.4.0:
  version "1.4.0"
  resolved "https://registry.yarnpkg.com/should-type/-/should-type-1.4.0.tgz#0756d8ce846dfd09843a6947719dfa0d4cff5cf3"

should-util@^1.0.0:
  version "1.0.0"
  resolved "https://registry.yarnpkg.com/should-util/-/should-util-1.0.0.tgz#c98cda374aa6b190df8ba87c9889c2b4db620063"

should@^13.2.1:
  version "13.2.3"
  resolved "https://registry.yarnpkg.com/should/-/should-13.2.3.tgz#96d8e5acf3e97b49d89b51feaa5ae8d07ef58f10"
  dependencies:
    should-equal "^2.0.0"
    should-format "^3.0.3"
    should-type "^1.4.0"
    should-type-adaptors "^1.0.1"
    should-util "^1.0.0"

signal-exit@^3.0.0:
  version "3.0.2"
  resolved "https://registry.yarnpkg.com/signal-exit/-/signal-exit-3.0.2.tgz#b5fdc08f1287ea1178628e415e25132b73646c6d"

split@^1.0.1:
  version "1.0.1"
  resolved "https://registry.yarnpkg.com/split/-/split-1.0.1.tgz#605bd9be303aa59fb35f9229fbea0ddec9ea07d9"
  dependencies:
    through "2"

sprintf-js@~1.0.2:
  version "1.0.3"
  resolved "https://registry.yarnpkg.com/sprintf-js/-/sprintf-js-1.0.3.tgz#04e6926f662895354f3dd015203633b857297e2c"

stream-combiner@^0.2.2:
  version "0.2.2"
  resolved "https://registry.yarnpkg.com/stream-combiner/-/stream-combiner-0.2.2.tgz#aec8cbac177b56b6f4fa479ced8c1912cee52858"
  dependencies:
    duplexer "~0.1.1"
    through "~2.3.4"

string-width@^1.0.1:
  version "1.0.2"
  resolved "https://registry.yarnpkg.com/string-width/-/string-width-1.0.2.tgz#118bdf5b8cdc51a2a7e70d211e07e2b0b9b107d3"
  dependencies:
    code-point-at "^1.0.0"
    is-fullwidth-code-point "^1.0.0"
    strip-ansi "^3.0.0"

string-width@^2.0.0, string-width@^2.1.1:
  version "2.1.1"
  resolved "https://registry.yarnpkg.com/string-width/-/string-width-2.1.1.tgz#ab93f27a8dc13d28cac815c462143a6d9012ae9e"
  dependencies:
    is-fullwidth-code-point "^2.0.0"
    strip-ansi "^4.0.0"

strip-ansi@^3.0.0, strip-ansi@^3.0.1:
  version "3.0.1"
  resolved "https://registry.yarnpkg.com/strip-ansi/-/strip-ansi-3.0.1.tgz#6a385fb8853d952d5ff05d0e8aaf94278dc63dcf"
  dependencies:
    ansi-regex "^2.0.0"

strip-ansi@^4.0.0:
  version "4.0.0"
  resolved "https://registry.yarnpkg.com/strip-ansi/-/strip-ansi-4.0.0.tgz#a8479022eb1ac368a871389b635262c505ee368f"
  dependencies:
    ansi-regex "^3.0.0"

strip-eof@^1.0.0:
  version "1.0.0"
  resolved "https://registry.yarnpkg.com/strip-eof/-/strip-eof-1.0.0.tgz#bb43ff5598a6eb05d89b59fcd129c983313606bf"

supports-color@5.4.0:
  version "5.4.0"
  resolved "https://registry.yarnpkg.com/supports-color/-/supports-color-5.4.0.tgz#1c6b337402c2137605efe19f10fec390f6faab54"
  dependencies:
    has-flag "^3.0.0"

supports-color@^2.0.0:
  version "2.0.0"
  resolved "https://registry.yarnpkg.com/supports-color/-/supports-color-2.0.0.tgz#535d045ce6b6363fa40117084629995e9df324c7"

supports-color@^5.3.0:
  version "5.5.0"
  resolved "https://registry.yarnpkg.com/supports-color/-/supports-color-5.5.0.tgz#e2e69a44ac8772f78a1ec0b35b689df6530efc8f"
  dependencies:
    has-flag "^3.0.0"

swagger2openapi@^3.0.1:
  version "3.2.14"
  resolved "https://registry.yarnpkg.com/swagger2openapi/-/swagger2openapi-3.2.14.tgz#fb521f3b886f45ac2399729e97eda9e46ac34782"
  dependencies:
    call-me-maybe "^1.0.1"
    js-yaml "^3.12.0"
    node-fetch "^2.3.0"
    node-readfiles "^0.2.0"
    oas-kit-common "^1.0.4"
    oas-resolver "^1.0.12"
    oas-schema-walker "^1.1.0"
    oas-validator "^1.1.13"
    reftools "^1.0.3"
    yargs "^12.0.2"

through@2, through@^2.3.8, through@~2.3, through@~2.3.4:
  version "2.3.8"
  resolved "https://registry.yarnpkg.com/through/-/through-2.3.8.tgz#0dd4c9ffaabc357960b1b724115d7e0e86a2e1f5"

urijs@^1.19.0:
  version "1.19.1"
  resolved "https://registry.yarnpkg.com/urijs/-/urijs-1.19.1.tgz#5b0ff530c0cbde8386f6342235ba5ca6e995d25a"

which-module@^2.0.0:
  version "2.0.0"
  resolved "https://registry.yarnpkg.com/which-module/-/which-module-2.0.0.tgz#d9ef07dce77b9902b8a3a8fa4b31c3e3f7e6e87a"

which@^1.2.9:
  version "1.3.1"
  resolved "https://registry.yarnpkg.com/which/-/which-1.3.1.tgz#a45043d54f5805316da8d62f9f50918d3da70b0a"
  dependencies:
    isexe "^2.0.0"

wrap-ansi@^2.0.0:
  version "2.1.0"
  resolved "https://registry.yarnpkg.com/wrap-ansi/-/wrap-ansi-2.1.0.tgz#d8fc3d284dd05794fe84973caecdd1cf824fdd85"
  dependencies:
    string-width "^1.0.1"
    strip-ansi "^3.0.1"

wrappy@1:
  version "1.0.2"
  resolved "https://registry.yarnpkg.com/wrappy/-/wrappy-1.0.2.tgz#b5243d8f3ec1aa35f1364605bc0d1036e30ab69f"

xtend@^4.0.0:
  version "4.0.1"
  resolved "https://registry.yarnpkg.com/xtend/-/xtend-4.0.1.tgz#a5c6d532be656e23db820efb943a1f04998d63af"

"y18n@^3.2.1 || ^4.0.0":
  version "4.0.0"
  resolved "https://registry.yarnpkg.com/y18n/-/y18n-4.0.0.tgz#95ef94f85ecc81d007c264e190a120f0a3c8566b"

yargs-parser@^11.1.1:
  version "11.1.1"
  resolved "https://registry.yarnpkg.com/yargs-parser/-/yargs-parser-11.1.1.tgz#879a0865973bca9f6bab5cbdf3b1c67ec7d3bcf4"
  dependencies:
    camelcase "^5.0.0"
    decamelize "^1.2.0"

yargs@^12.0.2:
  version "12.0.5"
  resolved "https://registry.yarnpkg.com/yargs/-/yargs-12.0.5.tgz#05f5997b609647b64f66b81e3b4b10a368e7ad13"
  dependencies:
    cliui "^4.0.0"
    decamelize "^1.2.0"
    find-up "^3.0.0"
    get-caller-file "^1.0.1"
    os-locale "^3.0.0"
    require-directory "^2.1.1"
    require-main-filename "^1.0.1"
    set-blocking "^2.0.0"
    string-width "^2.0.0"
    which-module "^2.0.0"
    y18n "^3.2.1 || ^4.0.0"
    yargs-parser "^11.1.1"
